// !$*UTF8*$!
{
	archiveVersion = 1;
	classes = {
	};
	objectVersion = 46;
	objects = {

/* Begin PBXBuildFile section */
		0E02B02F18FC6DA9008A65D3 /* PJ_CustomLabel.m in Sources */ = {isa = PBXBuildFile; fileRef = 0E02B02E18FC6DA9008A65D3 /* PJ_CustomLabel.m */; };
		0E02B03218FC786B008A65D3 /* Icon@2x.png in Resources */ = {isa = PBXBuildFile; fileRef = 0E02B03118FC786B008A65D3 /* Icon@2x.png */; };
		0E02B03418FC7938008A65D3 /* Icon.png in Resources */ = {isa = PBXBuildFile; fileRef = 0E02B03318FC7938008A65D3 /* Icon.png */; };
		0E02B03E18FC7B48008A65D3 /* Default.png in Resources */ = {isa = PBXBuildFile; fileRef = 0E02B03B18FC7B48008A65D3 /* Default.png */; };
		0E02B03F18FC7B48008A65D3 /* Default@2x.png in Resources */ = {isa = PBXBuildFile; fileRef = 0E02B03C18FC7B48008A65D3 /* Default@2x.png */; };
		0E02B04018FC7B48008A65D3 /* Default-568h@2x.png in Resources */ = {isa = PBXBuildFile; fileRef = 0E02B03D18FC7B48008A65D3 /* Default-568h@2x.png */; };
		0E0372E918F9C925004AA69F /* Home.xib in Resources */ = {isa = PBXBuildFile; fileRef = 0E0372E818F9C925004AA69F /* Home.xib */; };
		0E0372EC18F9CBFD004AA69F /* ProfilePicture.jpg in Resources */ = {isa = PBXBuildFile; fileRef = 0E0372EB18F9CBFD004AA69F /* ProfilePicture.jpg */; };
		0E0372EE18F9D5D8004AA69F /* QuartzCore.framework in Frameworks */ = {isa = PBXBuildFile; fileRef = 0E0372ED18F9D5D8004AA69F /* QuartzCore.framework */; };
		0EACBE5E18FA4EB90023EA8F /* PJ_WorkExperienceCollectionViewCell.m in Sources */ = {isa = PBXBuildFile; fileRef = 0EACBE5D18FA4EB90023EA8F /* PJ_WorkExperienceCollectionViewCell.m */; };
		0EACBE6018FA4ED50023EA8F /* WorkExperience.xib in Resources */ = {isa = PBXBuildFile; fileRef = 0EACBE5F18FA4ED50023EA8F /* WorkExperience.xib */; };
		0EACBE6718FA56BE0023EA8F /* ITP_Logo.jpeg in Resources */ = {isa = PBXBuildFile; fileRef = 0EACBE6618FA56BE0023EA8F /* ITP_Logo.jpeg */; };
		0EACBE6918FA5B1C0023EA8F /* kokoche.png in Resources */ = {isa = PBXBuildFile; fileRef = 0EACBE6818FA5B1C0023EA8F /* kokoche.png */; };
		0EACBE6C18FA5DFD0023EA8F /* youthconnect.png in Resources */ = {isa = PBXBuildFile; fileRef = 0EACBE6A18FA5DFD0023EA8F /* youthconnect.png */; };
		0EACBE6D18FA5DFD0023EA8F /* dev.png in Resources */ = {isa = PBXBuildFile; fileRef = 0EACBE6B18FA5DFD0023EA8F /* dev.png */; };
		0EACBE7018FA602F0023EA8F /* WhatDoYouWantToBe.png in Resources */ = {isa = PBXBuildFile; fileRef = 0EACBE6E18FA602F0023EA8F /* WhatDoYouWantToBe.png */; };
		0EACBE7118FA602F0023EA8F /* ListenToLearn.png in Resources */ = {isa = PBXBuildFile; fileRef = 0EACBE6F18FA602F0023EA8F /* ListenToLearn.png */; };
		0EACBE7318FA60BD0023EA8F /* Download_on_the_App_Store_Badge_US-UK_135x40.png in Resources */ = {isa = PBXBuildFile; fileRef = 0EACBE7218FA60BD0023EA8F /* Download_on_the_App_Store_Badge_US-UK_135x40.png */; };
		0EACBE7818FA72920023EA8F /* PJ_DevITSolutions.m in Sources */ = {isa = PBXBuildFile; fileRef = 0EACBE7718FA72920023EA8F /* PJ_DevITSolutions.m */; };
		0EACBE7C18FA74F70023EA8F /* PJ_ProjectsCollectionViewCell.m in Sources */ = {isa = PBXBuildFile; fileRef = 0EACBE7B18FA74F70023EA8F /* PJ_ProjectsCollectionViewCell.m */; };
		0EACBE7E18FA75070023EA8F /* Projects.xib in Resources */ = {isa = PBXBuildFile; fileRef = 0EACBE7D18FA75070023EA8F /* Projects.xib */; };
		0EACBE8218FA79750023EA8F /* PJ_InterestsCollectionViewCell.m in Sources */ = {isa = PBXBuildFile; fileRef = 0EACBE8118FA79750023EA8F /* PJ_InterestsCollectionViewCell.m */; };
		0EACBE8418FA79850023EA8F /* Interests.xib in Resources */ = {isa = PBXBuildFile; fileRef = 0EACBE8318FA79850023EA8F /* Interests.xib */; };
		0EACBE8618FA7DC10023EA8F /* bookshelf_empty.png in Resources */ = {isa = PBXBuildFile; fileRef = 0EACBE8518FA7DC10023EA8F /* bookshelf_empty.png */; };
		0EACBE8A18FA7FD60023EA8F /* PJ_ProjectMenuViewController.m in Sources */ = {isa = PBXBuildFile; fileRef = 0EACBE8918FA7FD60023EA8F /* PJ_ProjectMenuViewController.m */; };
		0EACBE8E18FA82B00023EA8F /* iso_training.png in Resources */ = {isa = PBXBuildFile; fileRef = 0EACBE8B18FA82B00023EA8F /* iso_training.png */; };
		0EACBE8F18FA82B00023EA8F /* navkar_mantra.png in Resources */ = {isa = PBXBuildFile; fileRef = 0EACBE8C18FA82B00023EA8F /* navkar_mantra.png */; };
		0EACBE9018FA82B00023EA8F /* iso_doc.png in Resources */ = {isa = PBXBuildFile; fileRef = 0EACBE8D18FA82B00023EA8F /* iso_doc.png */; };
		0EACBE9618FA83D50023EA8F /* instagram_on_map.png in Resources */ = {isa = PBXBuildFile; fileRef = 0EACBE9118FA83D50023EA8F /* instagram_on_map.png */; };
		0EACBE9718FA83D50023EA8F /* social_search.png in Resources */ = {isa = PBXBuildFile; fileRef = 0EACBE9218FA83D50023EA8F /* social_search.png */; };
		0EACBE9818FA83D50023EA8F /* factory_simulation.jpg in Resources */ = {isa = PBXBuildFile; fileRef = 0EACBE9318FA83D50023EA8F /* factory_simulation.jpg */; };
		0EACBE9918FA83D50023EA8F /* duck_hunt.jpeg in Resources */ = {isa = PBXBuildFile; fileRef = 0EACBE9418FA83D50023EA8F /* duck_hunt.jpeg */; };
		0EACBE9A18FA83D50023EA8F /* symmetricity.png in Resources */ = {isa = PBXBuildFile; fileRef = 0EACBE9518FA83D50023EA8F /* symmetricity.png */; };
		0EC4D01118FB95E300C3D260 /* iso_doc_Screenshot.jpeg in Resources */ = {isa = PBXBuildFile; fileRef = 0EC4D01018FB95E300C3D260 /* iso_doc_Screenshot.jpeg */; };
		0EC4D01318FBB23D00C3D260 /* MessageUI.framework in Frameworks */ = {isa = PBXBuildFile; fileRef = 0EC4D01218FBB23D00C3D260 /* MessageUI.framework */; };
		0EC4D01618FBB40300C3D260 /* PJ_WobbleButton.m in Sources */ = {isa = PBXBuildFile; fileRef = 0EC4D01518FBB40300C3D260 /* PJ_WobbleButton.m */; };
		0EF1162518F8BFB3007A5040 /* Foundation.framework in Frameworks */ = {isa = PBXBuildFile; fileRef = 0EF1162418F8BFB3007A5040 /* Foundation.framework */; };
		0EF1162718F8BFB3007A5040 /* CoreGraphics.framework in Frameworks */ = {isa = PBXBuildFile; fileRef = 0EF1162618F8BFB3007A5040 /* CoreGraphics.framework */; };
		0EF1162918F8BFB3007A5040 /* UIKit.framework in Frameworks */ = {isa = PBXBuildFile; fileRef = 0EF1162818F8BFB3007A5040 /* UIKit.framework */; };
		0EF1162F18F8BFB3007A5040 /* InfoPlist.strings in Resources */ = {isa = PBXBuildFile; fileRef = 0EF1162D18F8BFB3007A5040 /* InfoPlist.strings */; };
		0EF1163118F8BFB3007A5040 /* main.m in Sources */ = {isa = PBXBuildFile; fileRef = 0EF1163018F8BFB3007A5040 /* main.m */; };
		0EF1163518F8BFB3007A5040 /* PJ_AppDelegate.m in Sources */ = {isa = PBXBuildFile; fileRef = 0EF1163418F8BFB3007A5040 /* PJ_AppDelegate.m */; };
		0EF1163818F8BFB3007A5040 /* Main.storyboard in Resources */ = {isa = PBXBuildFile; fileRef = 0EF1163618F8BFB3007A5040 /* Main.storyboard */; };
		0EF1163D18F8BFB3007A5040 /* Images.xcassets in Resources */ = {isa = PBXBuildFile; fileRef = 0EF1163C18F8BFB3007A5040 /* Images.xcassets */; };
		0EF1164418F8BFB3007A5040 /* XCTest.framework in Frameworks */ = {isa = PBXBuildFile; fileRef = 0EF1164318F8BFB3007A5040 /* XCTest.framework */; };
		0EF1164518F8BFB3007A5040 /* Foundation.framework in Frameworks */ = {isa = PBXBuildFile; fileRef = 0EF1162418F8BFB3007A5040 /* Foundation.framework */; };
		0EF1164618F8BFB3007A5040 /* UIKit.framework in Frameworks */ = {isa = PBXBuildFile; fileRef = 0EF1162818F8BFB3007A5040 /* UIKit.framework */; };
		0EF1164E18F8BFB3007A5040 /* InfoPlist.strings in Resources */ = {isa = PBXBuildFile; fileRef = 0EF1164C18F8BFB3007A5040 /* InfoPlist.strings */; };
		0EF1165018F8BFB3007A5040 /* Poojan_JhaveriTests.m in Sources */ = {isa = PBXBuildFile; fileRef = 0EF1164F18F8BFB3007A5040 /* Poojan_JhaveriTests.m */; };
		0EF1165C18F8C098007A5040 /* PJ_MainCollectionViewController.m in Sources */ = {isa = PBXBuildFile; fileRef = 0EF1165B18F8C098007A5040 /* PJ_MainCollectionViewController.m */; };
		0EF1166118F8C271007A5040 /* PJ_HomeCollectionViewCell.m in Sources */ = {isa = PBXBuildFile; fileRef = 0EF1166018F8C271007A5040 /* PJ_HomeCollectionViewCell.m */; };
		0EF1166518F8C4EF007A5040 /* PJ_CollectionViewLayout.m in Sources */ = {isa = PBXBuildFile; fileRef = 0EF1166418F8C4EF007A5040 /* PJ_CollectionViewLayout.m */; };
		0EFEB46618F9DBC9005FB483 /* Pacifico.ttf in Resources */ = {isa = PBXBuildFile; fileRef = 0EFEB46518F9DBC9005FB483 /* Pacifico.ttf */; };
		0EFEB46818F9DC3E005FB483 /* fontawesome-webfont.ttf in Resources */ = {isa = PBXBuildFile; fileRef = 0EFEB46718F9DC3E005FB483 /* fontawesome-webfont.ttf */; };
		0EFEB46C18F9EBF7005FB483 /* Education.xib in Resources */ = {isa = PBXBuildFile; fileRef = 0EFEB46B18F9EBF7005FB483 /* Education.xib */; };
		0EFEB46F18F9EDA9005FB483 /* PJ_EducationViewCell.m in Sources */ = {isa = PBXBuildFile; fileRef = 0EFEB46E18F9EDA9005FB483 /* PJ_EducationViewCell.m */; };
		0EFEB47318F9F799005FB483 /* PJ_EducationPageViewController.m in Sources */ = {isa = PBXBuildFile; fileRef = 0EFEB47218F9F799005FB483 /* PJ_EducationPageViewController.m */; };
		0EFEB47718F9FA26005FB483 /* PJ_EducationPage2ViewController.m in Sources */ = {isa = PBXBuildFile; fileRef = 0EFEB47618F9FA26005FB483 /* PJ_EducationPage2ViewController.m */; };
		0EFEB47918FA0226005FB483 /* USC.png in Resources */ = {isa = PBXBuildFile; fileRef = 0EFEB47818FA0226005FB483 /* USC.png */; };
		0EFEB47B18FA0655005FB483 /* isi_logo_red_large.png in Resources */ = {isa = PBXBuildFile; fileRef = 0EFEB47A18FA0655005FB483 /* isi_logo_red_large.png */; };
		0EFEB48018FA10E9005FB483 /* PJ_ContactViewCell.m in Sources */ = {isa = PBXBuildFile; fileRef = 0EFEB47F18FA10E9005FB483 /* PJ_ContactViewCell.m */; };
		0EFEB48218FA11D2005FB483 /* Contact.xib in Resources */ = {isa = PBXBuildFile; fileRef = 0EFEB48118FA11D2005FB483 /* Contact.xib */; };
		9EBEFD61F39E4074AFA7B9C5 /* libPods.a in Frameworks */ = {isa = PBXBuildFile; fileRef = 8FA4CC64D41243D5A26DF683 /* libPods.a */; };
/* End PBXBuildFile section */

/* Begin PBXContainerItemProxy section */
		0EF1164718F8BFB3007A5040 /* PBXContainerItemProxy */ = {
			isa = PBXContainerItemProxy;
			containerPortal = 0EF1161918F8BFB3007A5040 /* Project object */;
			proxyType = 1;
			remoteGlobalIDString = 0EF1162018F8BFB3007A5040;
			remoteInfo = "Poojan Jhaveri";
		};
/* End PBXContainerItemProxy section */

/* Begin PBXFileReference section */
		0E02B02D18FC6DA9008A65D3 /* PJ_CustomLabel.h */ = {isa = PBXFileReference; fileEncoding = 4; lastKnownFileType = sourcecode.c.h; path = PJ_CustomLabel.h; sourceTree = "<group>"; };
		0E02B02E18FC6DA9008A65D3 /* PJ_CustomLabel.m */ = {isa = PBXFileReference; fileEncoding = 4; lastKnownFileType = sourcecode.c.objc; path = PJ_CustomLabel.m; sourceTree = "<group>"; };
		0E02B03118FC786B008A65D3 /* Icon@2x.png */ = {isa = PBXFileReference; lastKnownFileType = image.png; path = "Icon@2x.png"; sourceTree = "<group>"; };
		0E02B03318FC7938008A65D3 /* Icon.png */ = {isa = PBXFileReference; lastKnownFileType = image.png; path = Icon.png; sourceTree = "<group>"; };
		0E02B03B18FC7B48008A65D3 /* Default.png */ = {isa = PBXFileReference; lastKnownFileType = image.png; path = Default.png; sourceTree = "<group>"; };
		0E02B03C18FC7B48008A65D3 /* Default@2x.png */ = {isa = PBXFileReference; lastKnownFileType = image.png; path = "Default@2x.png"; sourceTree = "<group>"; };
		0E02B03D18FC7B48008A65D3 /* Default-568h@2x.png */ = {isa = PBXFileReference; lastKnownFileType = image.png; path = "Default-568h@2x.png"; sourceTree = "<group>"; };
		0E0372E818F9C925004AA69F /* Home.xib */ = {isa = PBXFileReference; fileEncoding = 4; lastKnownFileType = file.xib; path = Home.xib; sourceTree = "<group>"; };
		0E0372EB18F9CBFD004AA69F /* ProfilePicture.jpg */ = {isa = PBXFileReference; lastKnownFileType = image.jpeg; path = ProfilePicture.jpg; sourceTree = "<group>"; };
		0E0372ED18F9D5D8004AA69F /* QuartzCore.framework */ = {isa = PBXFileReference; lastKnownFileType = wrapper.framework; name = QuartzCore.framework; path = System/Library/Frameworks/QuartzCore.framework; sourceTree = SDKROOT; };
		0EACBE5C18FA4EB90023EA8F /* PJ_WorkExperienceCollectionViewCell.h */ = {isa = PBXFileReference; fileEncoding = 4; lastKnownFileType = sourcecode.c.h; path = PJ_WorkExperienceCollectionViewCell.h; sourceTree = "<group>"; };
		0EACBE5D18FA4EB90023EA8F /* PJ_WorkExperienceCollectionViewCell.m */ = {isa = PBXFileReference; fileEncoding = 4; lastKnownFileType = sourcecode.c.objc; path = PJ_WorkExperienceCollectionViewCell.m; sourceTree = "<group>"; };
		0EACBE5F18FA4ED50023EA8F /* WorkExperience.xib */ = {isa = PBXFileReference; fileEncoding = 4; lastKnownFileType = file.xib; path = WorkExperience.xib; sourceTree = "<group>"; };
		0EACBE6618FA56BE0023EA8F /* ITP_Logo.jpeg */ = {isa = PBXFileReference; lastKnownFileType = image.jpeg; path = ITP_Logo.jpeg; sourceTree = "<group>"; };
		0EACBE6818FA5B1C0023EA8F /* kokoche.png */ = {isa = PBXFileReference; lastKnownFileType = image.png; path = kokoche.png; sourceTree = "<group>"; };
		0EACBE6A18FA5DFD0023EA8F /* youthconnect.png */ = {isa = PBXFileReference; lastKnownFileType = image.png; path = youthconnect.png; sourceTree = "<group>"; };
		0EACBE6B18FA5DFD0023EA8F /* dev.png */ = {isa = PBXFileReference; lastKnownFileType = image.png; path = dev.png; sourceTree = "<group>"; };
		0EACBE6E18FA602F0023EA8F /* WhatDoYouWantToBe.png */ = {isa = PBXFileReference; lastKnownFileType = image.png; path = WhatDoYouWantToBe.png; sourceTree = "<group>"; };
		0EACBE6F18FA602F0023EA8F /* ListenToLearn.png */ = {isa = PBXFileReference; lastKnownFileType = image.png; path = ListenToLearn.png; sourceTree = "<group>"; };
		0EACBE7218FA60BD0023EA8F /* Download_on_the_App_Store_Badge_US-UK_135x40.png */ = {isa = PBXFileReference; lastKnownFileType = image.png; path = "Download_on_the_App_Store_Badge_US-UK_135x40.png"; sourceTree = "<group>"; };
		0EACBE7618FA72920023EA8F /* PJ_DevITSolutions.h */ = {isa = PBXFileReference; fileEncoding = 4; lastKnownFileType = sourcecode.c.h; path = PJ_DevITSolutions.h; sourceTree = "<group>"; };
		0EACBE7718FA72920023EA8F /* PJ_DevITSolutions.m */ = {isa = PBXFileReference; fileEncoding = 4; lastKnownFileType = sourcecode.c.objc; path = PJ_DevITSolutions.m; sourceTree = "<group>"; };
		0EACBE7A18FA74F70023EA8F /* PJ_ProjectsCollectionViewCell.h */ = {isa = PBXFileReference; fileEncoding = 4; lastKnownFileType = sourcecode.c.h; path = PJ_ProjectsCollectionViewCell.h; sourceTree = "<group>"; };
		0EACBE7B18FA74F70023EA8F /* PJ_ProjectsCollectionViewCell.m */ = {isa = PBXFileReference; fileEncoding = 4; lastKnownFileType = sourcecode.c.objc; path = PJ_ProjectsCollectionViewCell.m; sourceTree = "<group>"; };
		0EACBE7D18FA75070023EA8F /* Projects.xib */ = {isa = PBXFileReference; fileEncoding = 4; lastKnownFileType = file.xib; path = Projects.xib; sourceTree = "<group>"; };
		0EACBE8018FA79740023EA8F /* PJ_InterestsCollectionViewCell.h */ = {isa = PBXFileReference; fileEncoding = 4; lastKnownFileType = sourcecode.c.h; path = PJ_InterestsCollectionViewCell.h; sourceTree = "<group>"; };
		0EACBE8118FA79750023EA8F /* PJ_InterestsCollectionViewCell.m */ = {isa = PBXFileReference; fileEncoding = 4; lastKnownFileType = sourcecode.c.objc; path = PJ_InterestsCollectionViewCell.m; sourceTree = "<group>"; };
		0EACBE8318FA79850023EA8F /* Interests.xib */ = {isa = PBXFileReference; fileEncoding = 4; lastKnownFileType = file.xib; path = Interests.xib; sourceTree = "<group>"; };
		0EACBE8518FA7DC10023EA8F /* bookshelf_empty.png */ = {isa = PBXFileReference; lastKnownFileType = image.png; path = bookshelf_empty.png; sourceTree = "<group>"; };
		0EACBE8818FA7FD50023EA8F /* PJ_ProjectMenuViewController.h */ = {isa = PBXFileReference; fileEncoding = 4; lastKnownFileType = sourcecode.c.h; path = PJ_ProjectMenuViewController.h; sourceTree = "<group>"; };
		0EACBE8918FA7FD60023EA8F /* PJ_ProjectMenuViewController.m */ = {isa = PBXFileReference; fileEncoding = 4; lastKnownFileType = sourcecode.c.objc; path = PJ_ProjectMenuViewController.m; sourceTree = "<group>"; };
		0EACBE8B18FA82B00023EA8F /* iso_training.png */ = {isa = PBXFileReference; lastKnownFileType = image.png; path = iso_training.png; sourceTree = "<group>"; };
		0EACBE8C18FA82B00023EA8F /* navkar_mantra.png */ = {isa = PBXFileReference; lastKnownFileType = image.png; path = navkar_mantra.png; sourceTree = "<group>"; };
		0EACBE8D18FA82B00023EA8F /* iso_doc.png */ = {isa = PBXFileReference; lastKnownFileType = image.png; path = iso_doc.png; sourceTree = "<group>"; };
		0EACBE9118FA83D50023EA8F /* instagram_on_map.png */ = {isa = PBXFileReference; lastKnownFileType = image.png; path = instagram_on_map.png; sourceTree = "<group>"; };
		0EACBE9218FA83D50023EA8F /* social_search.png */ = {isa = PBXFileReference; lastKnownFileType = image.png; path = social_search.png; sourceTree = "<group>"; };
		0EACBE9318FA83D50023EA8F /* factory_simulation.jpg */ = {isa = PBXFileReference; lastKnownFileType = image.jpeg; path = factory_simulation.jpg; sourceTree = "<group>"; };
		0EACBE9418FA83D50023EA8F /* duck_hunt.jpeg */ = {isa = PBXFileReference; lastKnownFileType = image.jpeg; path = duck_hunt.jpeg; sourceTree = "<group>"; };
		0EACBE9518FA83D50023EA8F /* symmetricity.png */ = {isa = PBXFileReference; lastKnownFileType = image.png; path = symmetricity.png; sourceTree = "<group>"; };
		0EC4D01018FB95E300C3D260 /* iso_doc_Screenshot.jpeg */ = {isa = PBXFileReference; lastKnownFileType = image.jpeg; path = iso_doc_Screenshot.jpeg; sourceTree = "<group>"; };
		0EC4D01218FBB23D00C3D260 /* MessageUI.framework */ = {isa = PBXFileReference; lastKnownFileType = wrapper.framework; name = MessageUI.framework; path = System/Library/Frameworks/MessageUI.framework; sourceTree = SDKROOT; };
		0EC4D01418FBB40300C3D260 /* PJ_WobbleButton.h */ = {isa = PBXFileReference; fileEncoding = 4; lastKnownFileType = sourcecode.c.h; path = PJ_WobbleButton.h; sourceTree = "<group>"; };
		0EC4D01518FBB40300C3D260 /* PJ_WobbleButton.m */ = {isa = PBXFileReference; fileEncoding = 4; lastKnownFileType = sourcecode.c.objc; path = PJ_WobbleButton.m; sourceTree = "<group>"; };
		0EF1162118F8BFB3007A5040 /* Poojan Jhaveri.app */ = {isa = PBXFileReference; explicitFileType = wrapper.application; includeInIndex = 0; path = "Poojan Jhaveri.app"; sourceTree = BUILT_PRODUCTS_DIR; };
		0EF1162418F8BFB3007A5040 /* Foundation.framework */ = {isa = PBXFileReference; lastKnownFileType = wrapper.framework; name = Foundation.framework; path = System/Library/Frameworks/Foundation.framework; sourceTree = SDKROOT; };
		0EF1162618F8BFB3007A5040 /* CoreGraphics.framework */ = {isa = PBXFileReference; lastKnownFileType = wrapper.framework; name = CoreGraphics.framework; path = System/Library/Frameworks/CoreGraphics.framework; sourceTree = SDKROOT; };
		0EF1162818F8BFB3007A5040 /* UIKit.framework */ = {isa = PBXFileReference; lastKnownFileType = wrapper.framework; name = UIKit.framework; path = System/Library/Frameworks/UIKit.framework; sourceTree = SDKROOT; };
		0EF1162C18F8BFB3007A5040 /* Poojan Jhaveri-Info.plist */ = {isa = PBXFileReference; lastKnownFileType = text.plist.xml; path = "Poojan Jhaveri-Info.plist"; sourceTree = "<group>"; };
		0EF1162E18F8BFB3007A5040 /* en */ = {isa = PBXFileReference; lastKnownFileType = text.plist.strings; name = en; path = en.lproj/InfoPlist.strings; sourceTree = "<group>"; };
		0EF1163018F8BFB3007A5040 /* main.m */ = {isa = PBXFileReference; lastKnownFileType = sourcecode.c.objc; path = main.m; sourceTree = "<group>"; };
		0EF1163218F8BFB3007A5040 /* Poojan Jhaveri-Prefix.pch */ = {isa = PBXFileReference; lastKnownFileType = sourcecode.c.h; path = "Poojan Jhaveri-Prefix.pch"; sourceTree = "<group>"; };
		0EF1163318F8BFB3007A5040 /* PJ_AppDelegate.h */ = {isa = PBXFileReference; lastKnownFileType = sourcecode.c.h; path = PJ_AppDelegate.h; sourceTree = "<group>"; };
		0EF1163418F8BFB3007A5040 /* PJ_AppDelegate.m */ = {isa = PBXFileReference; lastKnownFileType = sourcecode.c.objc; path = PJ_AppDelegate.m; sourceTree = "<group>"; };
		0EF1163718F8BFB3007A5040 /* Base */ = {isa = PBXFileReference; lastKnownFileType = file.storyboard; name = Base; path = Base.lproj/Main.storyboard; sourceTree = "<group>"; };
		0EF1163C18F8BFB3007A5040 /* Images.xcassets */ = {isa = PBXFileReference; lastKnownFileType = folder.assetcatalog; path = Images.xcassets; sourceTree = "<group>"; };
		0EF1164218F8BFB3007A5040 /* Poojan JhaveriTests.xctest */ = {isa = PBXFileReference; explicitFileType = wrapper.cfbundle; includeInIndex = 0; path = "Poojan JhaveriTests.xctest"; sourceTree = BUILT_PRODUCTS_DIR; };
		0EF1164318F8BFB3007A5040 /* XCTest.framework */ = {isa = PBXFileReference; lastKnownFileType = wrapper.framework; name = XCTest.framework; path = Library/Frameworks/XCTest.framework; sourceTree = DEVELOPER_DIR; };
		0EF1164B18F8BFB3007A5040 /* Poojan JhaveriTests-Info.plist */ = {isa = PBXFileReference; lastKnownFileType = text.plist.xml; path = "Poojan JhaveriTests-Info.plist"; sourceTree = "<group>"; };
		0EF1164D18F8BFB3007A5040 /* en */ = {isa = PBXFileReference; lastKnownFileType = text.plist.strings; name = en; path = en.lproj/InfoPlist.strings; sourceTree = "<group>"; };
		0EF1164F18F8BFB3007A5040 /* Poojan_JhaveriTests.m */ = {isa = PBXFileReference; lastKnownFileType = sourcecode.c.objc; path = Poojan_JhaveriTests.m; sourceTree = "<group>"; };
		0EF1165A18F8C098007A5040 /* PJ_MainCollectionViewController.h */ = {isa = PBXFileReference; fileEncoding = 4; lastKnownFileType = sourcecode.c.h; path = PJ_MainCollectionViewController.h; sourceTree = "<group>"; };
		0EF1165B18F8C098007A5040 /* PJ_MainCollectionViewController.m */ = {isa = PBXFileReference; fileEncoding = 4; lastKnownFileType = sourcecode.c.objc; path = PJ_MainCollectionViewController.m; sourceTree = "<group>"; };
		0EF1165F18F8C271007A5040 /* PJ_HomeCollectionViewCell.h */ = {isa = PBXFileReference; fileEncoding = 4; lastKnownFileType = sourcecode.c.h; path = PJ_HomeCollectionViewCell.h; sourceTree = "<group>"; };
		0EF1166018F8C271007A5040 /* PJ_HomeCollectionViewCell.m */ = {isa = PBXFileReference; fileEncoding = 4; lastKnownFileType = sourcecode.c.objc; path = PJ_HomeCollectionViewCell.m; sourceTree = "<group>"; };
		0EF1166318F8C4EF007A5040 /* PJ_CollectionViewLayout.h */ = {isa = PBXFileReference; fileEncoding = 4; lastKnownFileType = sourcecode.c.h; path = PJ_CollectionViewLayout.h; sourceTree = "<group>"; };
		0EF1166418F8C4EF007A5040 /* PJ_CollectionViewLayout.m */ = {isa = PBXFileReference; fileEncoding = 4; lastKnownFileType = sourcecode.c.objc; path = PJ_CollectionViewLayout.m; sourceTree = "<group>"; };
		0EFEB46518F9DBC9005FB483 /* Pacifico.ttf */ = {isa = PBXFileReference; lastKnownFileType = file; path = Pacifico.ttf; sourceTree = "<group>"; };
		0EFEB46718F9DC3E005FB483 /* fontawesome-webfont.ttf */ = {isa = PBXFileReference; lastKnownFileType = file; path = "fontawesome-webfont.ttf"; sourceTree = "<group>"; };
		0EFEB46B18F9EBF7005FB483 /* Education.xib */ = {isa = PBXFileReference; fileEncoding = 4; lastKnownFileType = file.xib; path = Education.xib; sourceTree = "<group>"; };
		0EFEB46D18F9EDA9005FB483 /* PJ_EducationViewCell.h */ = {isa = PBXFileReference; fileEncoding = 4; lastKnownFileType = sourcecode.c.h; path = PJ_EducationViewCell.h; sourceTree = "<group>"; };
		0EFEB46E18F9EDA9005FB483 /* PJ_EducationViewCell.m */ = {isa = PBXFileReference; fileEncoding = 4; lastKnownFileType = sourcecode.c.objc; path = PJ_EducationViewCell.m; sourceTree = "<group>"; };
		0EFEB47118F9F799005FB483 /* PJ_EducationPageViewController.h */ = {isa = PBXFileReference; fileEncoding = 4; lastKnownFileType = sourcecode.c.h; path = PJ_EducationPageViewController.h; sourceTree = "<group>"; };
		0EFEB47218F9F799005FB483 /* PJ_EducationPageViewController.m */ = {isa = PBXFileReference; fileEncoding = 4; lastKnownFileType = sourcecode.c.objc; path = PJ_EducationPageViewController.m; sourceTree = "<group>"; };
		0EFEB47518F9FA26005FB483 /* PJ_EducationPage2ViewController.h */ = {isa = PBXFileReference; fileEncoding = 4; lastKnownFileType = sourcecode.c.h; path = PJ_EducationPage2ViewController.h; sourceTree = "<group>"; };
		0EFEB47618F9FA26005FB483 /* PJ_EducationPage2ViewController.m */ = {isa = PBXFileReference; fileEncoding = 4; lastKnownFileType = sourcecode.c.objc; path = PJ_EducationPage2ViewController.m; sourceTree = "<group>"; };
		0EFEB47818FA0226005FB483 /* USC.png */ = {isa = PBXFileReference; lastKnownFileType = image.png; path = USC.png; sourceTree = "<group>"; };
		0EFEB47A18FA0655005FB483 /* isi_logo_red_large.png */ = {isa = PBXFileReference; lastKnownFileType = image.png; path = isi_logo_red_large.png; sourceTree = "<group>"; };
		0EFEB47E18FA10E9005FB483 /* PJ_ContactViewCell.h */ = {isa = PBXFileReference; fileEncoding = 4; lastKnownFileType = sourcecode.c.h; path = PJ_ContactViewCell.h; sourceTree = "<group>"; };
		0EFEB47F18FA10E9005FB483 /* PJ_ContactViewCell.m */ = {isa = PBXFileReference; fileEncoding = 4; lastKnownFileType = sourcecode.c.objc; path = PJ_ContactViewCell.m; sourceTree = "<group>"; };
		0EFEB48118FA11D2005FB483 /* Contact.xib */ = {isa = PBXFileReference; fileEncoding = 4; lastKnownFileType = file.xib; path = Contact.xib; sourceTree = "<group>"; };
		8FA4CC64D41243D5A26DF683 /* libPods.a */ = {isa = PBXFileReference; explicitFileType = archive.ar; includeInIndex = 0; path = libPods.a; sourceTree = BUILT_PRODUCTS_DIR; };
		C86FB282EC154267A117B277 /* Pods.xcconfig */ = {isa = PBXFileReference; includeInIndex = 1; lastKnownFileType = text.xcconfig; name = Pods.xcconfig; path = Pods/Pods.xcconfig; sourceTree = "<group>"; };
/* End PBXFileReference section */

/* Begin PBXFrameworksBuildPhase section */
		0EF1161E18F8BFB3007A5040 /* Frameworks */ = {
			isa = PBXFrameworksBuildPhase;
			buildActionMask = 2147483647;
			files = (
				0EC4D01318FBB23D00C3D260 /* MessageUI.framework in Frameworks */,
				0E0372EE18F9D5D8004AA69F /* QuartzCore.framework in Frameworks */,
				0EF1162718F8BFB3007A5040 /* CoreGraphics.framework in Frameworks */,
				0EF1162918F8BFB3007A5040 /* UIKit.framework in Frameworks */,
				0EF1162518F8BFB3007A5040 /* Foundation.framework in Frameworks */,
				9EBEFD61F39E4074AFA7B9C5 /* libPods.a in Frameworks */,
			);
			runOnlyForDeploymentPostprocessing = 0;
		};
		0EF1163F18F8BFB3007A5040 /* Frameworks */ = {
			isa = PBXFrameworksBuildPhase;
			buildActionMask = 2147483647;
			files = (
				0EF1164418F8BFB3007A5040 /* XCTest.framework in Frameworks */,
				0EF1164618F8BFB3007A5040 /* UIKit.framework in Frameworks */,
				0EF1164518F8BFB3007A5040 /* Foundation.framework in Frameworks */,
			);
			runOnlyForDeploymentPostprocessing = 0;
		};
/* End PBXFrameworksBuildPhase section */

/* Begin PBXGroup section */
		0E02B03018FC785B008A65D3 /* Icons */ = {
			isa = PBXGroup;
			children = (
				0E02B03B18FC7B48008A65D3 /* Default.png */,
				0E02B03C18FC7B48008A65D3 /* Default@2x.png */,
				0E02B03D18FC7B48008A65D3 /* Default-568h@2x.png */,
				0E02B03318FC7938008A65D3 /* Icon.png */,
				0E02B03118FC786B008A65D3 /* Icon@2x.png */,
			);
			name = Icons;
			sourceTree = "<group>";
		};
		0E0372EA18F9CBD6004AA69F /* Images */ = {
			isa = PBXGroup;
			children = (
				0EC4D01018FB95E300C3D260 /* iso_doc_Screenshot.jpeg */,
				0EACBE9118FA83D50023EA8F /* instagram_on_map.png */,
				0EACBE9218FA83D50023EA8F /* social_search.png */,
				0EACBE9318FA83D50023EA8F /* factory_simulation.jpg */,
				0EACBE9418FA83D50023EA8F /* duck_hunt.jpeg */,
				0EACBE9518FA83D50023EA8F /* symmetricity.png */,
				0EACBE8B18FA82B00023EA8F /* iso_training.png */,
				0EACBE8C18FA82B00023EA8F /* navkar_mantra.png */,
				0EACBE8D18FA82B00023EA8F /* iso_doc.png */,
				0EACBE8518FA7DC10023EA8F /* bookshelf_empty.png */,
				0EACBE7218FA60BD0023EA8F /* Download_on_the_App_Store_Badge_US-UK_135x40.png */,
				0EACBE6E18FA602F0023EA8F /* WhatDoYouWantToBe.png */,
				0EACBE6F18FA602F0023EA8F /* ListenToLearn.png */,
				0EACBE6A18FA5DFD0023EA8F /* youthconnect.png */,
				0EACBE6B18FA5DFD0023EA8F /* dev.png */,
				0EACBE6818FA5B1C0023EA8F /* kokoche.png */,
				0EACBE6618FA56BE0023EA8F /* ITP_Logo.jpeg */,
				0EFEB47A18FA0655005FB483 /* isi_logo_red_large.png */,
				0EFEB47818FA0226005FB483 /* USC.png */,
				0E0372EB18F9CBFD004AA69F /* ProfilePicture.jpg */,
			);
			name = Images;
			sourceTree = "<group>";
		};
		0EACBE7418FA724F0023EA8F /* WorkExperiencePage */ = {
			isa = PBXGroup;
			children = (
				0EACBE7618FA72920023EA8F /* PJ_DevITSolutions.h */,
				0EACBE7718FA72920023EA8F /* PJ_DevITSolutions.m */,
			);
			name = WorkExperiencePage;
			sourceTree = "<group>";
		};
		0EACBE7918FA74D60023EA8F /* Projects */ = {
			isa = PBXGroup;
			children = (
				0EACBE8718FA7FB00023EA8F /* ProjectPages */,
				0EACBE7A18FA74F70023EA8F /* PJ_ProjectsCollectionViewCell.h */,
				0EACBE7B18FA74F70023EA8F /* PJ_ProjectsCollectionViewCell.m */,
				0EACBE7D18FA75070023EA8F /* Projects.xib */,
			);
			name = Projects;
			sourceTree = "<group>";
		};
		0EACBE7F18FA79510023EA8F /* Interests */ = {
			isa = PBXGroup;
			children = (
				0EACBE8018FA79740023EA8F /* PJ_InterestsCollectionViewCell.h */,
				0EACBE8118FA79750023EA8F /* PJ_InterestsCollectionViewCell.m */,
				0EACBE8318FA79850023EA8F /* Interests.xib */,
			);
			name = Interests;
			sourceTree = "<group>";
		};
		0EACBE8718FA7FB00023EA8F /* ProjectPages */ = {
			isa = PBXGroup;
			children = (
				0EACBE8818FA7FD50023EA8F /* PJ_ProjectMenuViewController.h */,
				0EACBE8918FA7FD60023EA8F /* PJ_ProjectMenuViewController.m */,
			);
			name = ProjectPages;
			sourceTree = "<group>";
		};
		0EC4D01718FBD0D900C3D260 /* CustomizedAnimation */ = {
			isa = PBXGroup;
			children = (
				0EC4D01418FBB40300C3D260 /* PJ_WobbleButton.h */,
				0EC4D01518FBB40300C3D260 /* PJ_WobbleButton.m */,
				0E02B02D18FC6DA9008A65D3 /* PJ_CustomLabel.h */,
				0E02B02E18FC6DA9008A65D3 /* PJ_CustomLabel.m */,
			);
			name = CustomizedAnimation;
			sourceTree = "<group>";
		};
		0EF1161818F8BFB3007A5040 = {
			isa = PBXGroup;
			children = (
				0EF1162A18F8BFB3007A5040 /* Poojan Jhaveri */,
				0EF1164918F8BFB3007A5040 /* Poojan JhaveriTests */,
				0EF1162318F8BFB3007A5040 /* Frameworks */,
				0EF1162218F8BFB3007A5040 /* Products */,
				C86FB282EC154267A117B277 /* Pods.xcconfig */,
			);
			sourceTree = "<group>";
		};
		0EF1162218F8BFB3007A5040 /* Products */ = {
			isa = PBXGroup;
			children = (
				0EF1162118F8BFB3007A5040 /* Poojan Jhaveri.app */,
				0EF1164218F8BFB3007A5040 /* Poojan JhaveriTests.xctest */,
			);
			name = Products;
			sourceTree = "<group>";
		};
		0EF1162318F8BFB3007A5040 /* Frameworks */ = {
			isa = PBXGroup;
			children = (
				0EC4D01218FBB23D00C3D260 /* MessageUI.framework */,
				0E0372ED18F9D5D8004AA69F /* QuartzCore.framework */,
				0EF1162418F8BFB3007A5040 /* Foundation.framework */,
				0EF1162618F8BFB3007A5040 /* CoreGraphics.framework */,
				0EF1162818F8BFB3007A5040 /* UIKit.framework */,
				0EF1164318F8BFB3007A5040 /* XCTest.framework */,
				8FA4CC64D41243D5A26DF683 /* libPods.a */,
			);
			name = Frameworks;
			sourceTree = "<group>";
		};
		0EF1162A18F8BFB3007A5040 /* Poojan Jhaveri */ = {
			isa = PBXGroup;
			children = (
				0E02B03018FC785B008A65D3 /* Icons */,
				0EC4D01718FBD0D900C3D260 /* CustomizedAnimation */,
				0EACBE7F18FA79510023EA8F /* Interests */,
				0EACBE7918FA74D60023EA8F /* Projects */,
				0EFEB47D18FA1093005FB483 /* Contact */,
				0EFEB47C18FA0E5D005FB483 /* Work Experience */,
				0EFEB46A18F9EBC4005FB483 /* Education */,
				0EFEB46918F9EBBA005FB483 /* Fonts */,
				0E0372EA18F9CBD6004AA69F /* Images */,
				0EF1166618F8F99D007A5040 /* Home */,
				0EF1165918F8C039007A5040 /* Main-CollectionController */,
				0EF1163318F8BFB3007A5040 /* PJ_AppDelegate.h */,
				0EF1163418F8BFB3007A5040 /* PJ_AppDelegate.m */,
				0EF1163618F8BFB3007A5040 /* Main.storyboard */,
				0EF1163C18F8BFB3007A5040 /* Images.xcassets */,
				0EF1162B18F8BFB3007A5040 /* Supporting Files */,
			);
			path = "Poojan Jhaveri";
			sourceTree = "<group>";
		};
		0EF1162B18F8BFB3007A5040 /* Supporting Files */ = {
			isa = PBXGroup;
			children = (
				0EF1162C18F8BFB3007A5040 /* Poojan Jhaveri-Info.plist */,
				0EF1162D18F8BFB3007A5040 /* InfoPlist.strings */,
				0EF1163018F8BFB3007A5040 /* main.m */,
				0EF1163218F8BFB3007A5040 /* Poojan Jhaveri-Prefix.pch */,
			);
			name = "Supporting Files";
			sourceTree = "<group>";
		};
		0EF1164918F8BFB3007A5040 /* Poojan JhaveriTests */ = {
			isa = PBXGroup;
			children = (
				0EF1164F18F8BFB3007A5040 /* Poojan_JhaveriTests.m */,
				0EF1164A18F8BFB3007A5040 /* Supporting Files */,
			);
			path = "Poojan JhaveriTests";
			sourceTree = "<group>";
		};
		0EF1164A18F8BFB3007A5040 /* Supporting Files */ = {
			isa = PBXGroup;
			children = (
				0EF1164B18F8BFB3007A5040 /* Poojan JhaveriTests-Info.plist */,
				0EF1164C18F8BFB3007A5040 /* InfoPlist.strings */,
			);
			name = "Supporting Files";
			sourceTree = "<group>";
		};
		0EF1165918F8C039007A5040 /* Main-CollectionController */ = {
			isa = PBXGroup;
			children = (
				0EF1165A18F8C098007A5040 /* PJ_MainCollectionViewController.h */,
				0EF1165B18F8C098007A5040 /* PJ_MainCollectionViewController.m */,
				0EF1166318F8C4EF007A5040 /* PJ_CollectionViewLayout.h */,
				0EF1166418F8C4EF007A5040 /* PJ_CollectionViewLayout.m */,
			);
			name = "Main-CollectionController";
			sourceTree = "<group>";
		};
		0EF1166618F8F99D007A5040 /* Home */ = {
			isa = PBXGroup;
			children = (
				0EF1165F18F8C271007A5040 /* PJ_HomeCollectionViewCell.h */,
				0EF1166018F8C271007A5040 /* PJ_HomeCollectionViewCell.m */,
				0E0372E818F9C925004AA69F /* Home.xib */,
			);
			name = Home;
			sourceTree = "<group>";
		};
		0EFEB46918F9EBBA005FB483 /* Fonts */ = {
			isa = PBXGroup;
			children = (
				0EFEB46718F9DC3E005FB483 /* fontawesome-webfont.ttf */,
				0EFEB46518F9DBC9005FB483 /* Pacifico.ttf */,
			);
			name = Fonts;
			sourceTree = "<group>";
		};
		0EFEB46A18F9EBC4005FB483 /* Education */ = {
			isa = PBXGroup;
			children = (
				0EFEB47018F9F77B005FB483 /* EducationPage */,
				0EFEB46B18F9EBF7005FB483 /* Education.xib */,
				0EFEB46D18F9EDA9005FB483 /* PJ_EducationViewCell.h */,
				0EFEB46E18F9EDA9005FB483 /* PJ_EducationViewCell.m */,
			);
			name = Education;
			sourceTree = "<group>";
		};
		0EFEB47018F9F77B005FB483 /* EducationPage */ = {
			isa = PBXGroup;
			children = (
				0EFEB47118F9F799005FB483 /* PJ_EducationPageViewController.h */,
				0EFEB47218F9F799005FB483 /* PJ_EducationPageViewController.m */,
				0EFEB47518F9FA26005FB483 /* PJ_EducationPage2ViewController.h */,
				0EFEB47618F9FA26005FB483 /* PJ_EducationPage2ViewController.m */,
			);
			name = EducationPage;
			sourceTree = "<group>";
		};
		0EFEB47C18FA0E5D005FB483 /* Work Experience */ = {
			isa = PBXGroup;
			children = (
				0EACBE7418FA724F0023EA8F /* WorkExperiencePage */,
				0EACBE5C18FA4EB90023EA8F /* PJ_WorkExperienceCollectionViewCell.h */,
				0EACBE5D18FA4EB90023EA8F /* PJ_WorkExperienceCollectionViewCell.m */,
				0EACBE5F18FA4ED50023EA8F /* WorkExperience.xib */,
			);
			name = "Work Experience";
			sourceTree = "<group>";
		};
		0EFEB47D18FA1093005FB483 /* Contact */ = {
			isa = PBXGroup;
			children = (
				0EFEB47E18FA10E9005FB483 /* PJ_ContactViewCell.h */,
				0EFEB47F18FA10E9005FB483 /* PJ_ContactViewCell.m */,
				0EFEB48118FA11D2005FB483 /* Contact.xib */,
			);
			name = Contact;
			sourceTree = "<group>";
		};
/* End PBXGroup section */

/* Begin PBXNativeTarget section */
		0EF1162018F8BFB3007A5040 /* Poojan Jhaveri */ = {
			isa = PBXNativeTarget;
			buildConfigurationList = 0EF1165318F8BFB3007A5040 /* Build configuration list for PBXNativeTarget "Poojan Jhaveri" */;
			buildPhases = (
				43312B7121E94F728DFF3A96 /* Check Pods Manifest.lock */,
				0EF1161D18F8BFB3007A5040 /* Sources */,
				0EF1161E18F8BFB3007A5040 /* Frameworks */,
				0EF1161F18F8BFB3007A5040 /* Resources */,
				0E1DE703F92C407F800808EE /* Copy Pods Resources */,
			);
			buildRules = (
			);
			dependencies = (
			);
			name = "Poojan Jhaveri";
			productName = "Poojan Jhaveri";
			productReference = 0EF1162118F8BFB3007A5040 /* Poojan Jhaveri.app */;
			productType = "com.apple.product-type.application";
		};
		0EF1164118F8BFB3007A5040 /* Poojan JhaveriTests */ = {
			isa = PBXNativeTarget;
			buildConfigurationList = 0EF1165618F8BFB3007A5040 /* Build configuration list for PBXNativeTarget "Poojan JhaveriTests" */;
			buildPhases = (
				0EF1163E18F8BFB3007A5040 /* Sources */,
				0EF1163F18F8BFB3007A5040 /* Frameworks */,
				0EF1164018F8BFB3007A5040 /* Resources */,
			);
			buildRules = (
			);
			dependencies = (
				0EF1164818F8BFB3007A5040 /* PBXTargetDependency */,
			);
			name = "Poojan JhaveriTests";
			productName = "Poojan JhaveriTests";
			productReference = 0EF1164218F8BFB3007A5040 /* Poojan JhaveriTests.xctest */;
			productType = "com.apple.product-type.bundle.unit-test";
		};
/* End PBXNativeTarget section */

/* Begin PBXProject section */
		0EF1161918F8BFB3007A5040 /* Project object */ = {
			isa = PBXProject;
			attributes = {
				CLASSPREFIX = PJ_;
				LastUpgradeCheck = 0510;
				ORGANIZATIONNAME = "Poojan Jhaveri";
				TargetAttributes = {
					0EF1164118F8BFB3007A5040 = {
						TestTargetID = 0EF1162018F8BFB3007A5040;
					};
				};
			};
			buildConfigurationList = 0EF1161C18F8BFB3007A5040 /* Build configuration list for PBXProject "Poojan Jhaveri" */;
			compatibilityVersion = "Xcode 3.2";
			developmentRegion = English;
			hasScannedForEncodings = 0;
			knownRegions = (
				en,
				Base,
			);
			mainGroup = 0EF1161818F8BFB3007A5040;
			productRefGroup = 0EF1162218F8BFB3007A5040 /* Products */;
			projectDirPath = "";
			projectRoot = "";
			targets = (
				0EF1162018F8BFB3007A5040 /* Poojan Jhaveri */,
				0EF1164118F8BFB3007A5040 /* Poojan JhaveriTests */,
			);
		};
/* End PBXProject section */

/* Begin PBXResourcesBuildPhase section */
		0EF1161F18F8BFB3007A5040 /* Resources */ = {
			isa = PBXResourcesBuildPhase;
			buildActionMask = 2147483647;
			files = (
				0EACBE9618FA83D50023EA8F /* instagram_on_map.png in Resources */,
				0EACBE9818FA83D50023EA8F /* factory_simulation.jpg in Resources */,
				0EFEB47B18FA0655005FB483 /* isi_logo_red_large.png in Resources */,
				0EFEB48218FA11D2005FB483 /* Contact.xib in Resources */,
				0EFEB47918FA0226005FB483 /* USC.png in Resources */,
				0EACBE7E18FA75070023EA8F /* Projects.xib in Resources */,
				0EACBE7118FA602F0023EA8F /* ListenToLearn.png in Resources */,
				0E02B03E18FC7B48008A65D3 /* Default.png in Resources */,
				0EF1163D18F8BFB3007A5040 /* Images.xcassets in Resources */,
				0EACBE7318FA60BD0023EA8F /* Download_on_the_App_Store_Badge_US-UK_135x40.png in Resources */,
				0EC4D01118FB95E300C3D260 /* iso_doc_Screenshot.jpeg in Resources */,
				0E0372EC18F9CBFD004AA69F /* ProfilePicture.jpg in Resources */,
				0E02B03F18FC7B48008A65D3 /* Default@2x.png in Resources */,
				0EFEB46C18F9EBF7005FB483 /* Education.xib in Resources */,
				0EACBE8F18FA82B00023EA8F /* navkar_mantra.png in Resources */,
				0EFEB46818F9DC3E005FB483 /* fontawesome-webfont.ttf in Resources */,
				0EACBE9918FA83D50023EA8F /* duck_hunt.jpeg in Resources */,
				0EACBE7018FA602F0023EA8F /* WhatDoYouWantToBe.png in Resources */,
				0EACBE8E18FA82B00023EA8F /* iso_training.png in Resources */,
				0EFEB46618F9DBC9005FB483 /* Pacifico.ttf in Resources */,
				0EF1162F18F8BFB3007A5040 /* InfoPlist.strings in Resources */,
				0EACBE8418FA79850023EA8F /* Interests.xib in Resources */,
				0EACBE6D18FA5DFD0023EA8F /* dev.png in Resources */,
				0EACBE9718FA83D50023EA8F /* social_search.png in Resources */,
				0E0372E918F9C925004AA69F /* Home.xib in Resources */,
				0EACBE6C18FA5DFD0023EA8F /* youthconnect.png in Resources */,
				0EACBE8618FA7DC10023EA8F /* bookshelf_empty.png in Resources */,
				0EACBE6718FA56BE0023EA8F /* ITP_Logo.jpeg in Resources */,
				0E02B03218FC786B008A65D3 /* Icon@2x.png in Resources */,
				0E02B04018FC7B48008A65D3 /* Default-568h@2x.png in Resources */,
				0EACBE9018FA82B00023EA8F /* iso_doc.png in Resources */,
				0EACBE6018FA4ED50023EA8F /* WorkExperience.xib in Resources */,
				0EACBE6918FA5B1C0023EA8F /* kokoche.png in Resources */,
				0E02B03418FC7938008A65D3 /* Icon.png in Resources */,
				0EACBE9A18FA83D50023EA8F /* symmetricity.png in Resources */,
				0EF1163818F8BFB3007A5040 /* Main.storyboard in Resources */,
			);
			runOnlyForDeploymentPostprocessing = 0;
		};
		0EF1164018F8BFB3007A5040 /* Resources */ = {
			isa = PBXResourcesBuildPhase;
			buildActionMask = 2147483647;
			files = (
				0EF1164E18F8BFB3007A5040 /* InfoPlist.strings in Resources */,
			);
			runOnlyForDeploymentPostprocessing = 0;
		};
/* End PBXResourcesBuildPhase section */

/* Begin PBXShellScriptBuildPhase section */
		0E1DE703F92C407F800808EE /* Copy Pods Resources */ = {
			isa = PBXShellScriptBuildPhase;
			buildActionMask = 2147483647;
			files = (
			);
			inputPaths = (
			);
			name = "Copy Pods Resources";
			outputPaths = (
			);
			runOnlyForDeploymentPostprocessing = 0;
			shellPath = /bin/sh;
			shellScript = "\"${SRCROOT}/Pods/Pods-resources.sh\"\n";
			showEnvVarsInLog = 0;
		};
		43312B7121E94F728DFF3A96 /* Check Pods Manifest.lock */ = {
			isa = PBXShellScriptBuildPhase;
			buildActionMask = 2147483647;
			files = (
			);
			inputPaths = (
			);
			name = "Check Pods Manifest.lock";
			outputPaths = (
			);
			runOnlyForDeploymentPostprocessing = 0;
			shellPath = /bin/sh;
			shellScript = "diff \"${PODS_ROOT}/../Podfile.lock\" \"${PODS_ROOT}/Manifest.lock\" > /dev/null\nif [[ $? != 0 ]] ; then\n    cat << EOM\nerror: The sandbox is not in sync with the Podfile.lock. Run 'pod install' or update your CocoaPods installation.\nEOM\n    exit 1\nfi\n";
			showEnvVarsInLog = 0;
		};
/* End PBXShellScriptBuildPhase section */

/* Begin PBXSourcesBuildPhase section */
		0EF1161D18F8BFB3007A5040 /* Sources */ = {
			isa = PBXSourcesBuildPhase;
			buildActionMask = 2147483647;
			files = (
				0EFEB47318F9F799005FB483 /* PJ_EducationPageViewController.m in Sources */,
				0EF1166518F8C4EF007A5040 /* PJ_CollectionViewLayout.m in Sources */,
				0EFEB47718F9FA26005FB483 /* PJ_EducationPage2ViewController.m in Sources */,
				0EACBE7818FA72920023EA8F /* PJ_DevITSolutions.m in Sources */,
				0EACBE8A18FA7FD60023EA8F /* PJ_ProjectMenuViewController.m in Sources */,
				0EC4D01618FBB40300C3D260 /* PJ_WobbleButton.m in Sources */,
				0EACBE8218FA79750023EA8F /* PJ_InterestsCollectionViewCell.m in Sources */,
				0EACBE5E18FA4EB90023EA8F /* PJ_WorkExperienceCollectionViewCell.m in Sources */,
				0EFEB46F18F9EDA9005FB483 /* PJ_EducationViewCell.m in Sources */,
				0EF1166118F8C271007A5040 /* PJ_HomeCollectionViewCell.m in Sources */,
				0EF1163518F8BFB3007A5040 /* PJ_AppDelegate.m in Sources */,
				0EACBE7C18FA74F70023EA8F /* PJ_ProjectsCollectionViewCell.m in Sources */,
				0EF1163118F8BFB3007A5040 /* main.m in Sources */,
				0EFEB48018FA10E9005FB483 /* PJ_ContactViewCell.m in Sources */,
				0EF1165C18F8C098007A5040 /* PJ_MainCollectionViewController.m in Sources */,
				0E02B02F18FC6DA9008A65D3 /* PJ_CustomLabel.m in Sources */,
			);
			runOnlyForDeploymentPostprocessing = 0;
		};
		0EF1163E18F8BFB3007A5040 /* Sources */ = {
			isa = PBXSourcesBuildPhase;
			buildActionMask = 2147483647;
			files = (
				0EF1165018F8BFB3007A5040 /* Poojan_JhaveriTests.m in Sources */,
			);
			runOnlyForDeploymentPostprocessing = 0;
		};
/* End PBXSourcesBuildPhase section */

/* Begin PBXTargetDependency section */
		0EF1164818F8BFB3007A5040 /* PBXTargetDependency */ = {
			isa = PBXTargetDependency;
			target = 0EF1162018F8BFB3007A5040 /* Poojan Jhaveri */;
			targetProxy = 0EF1164718F8BFB3007A5040 /* PBXContainerItemProxy */;
		};
/* End PBXTargetDependency section */

/* Begin PBXVariantGroup section */
		0EF1162D18F8BFB3007A5040 /* InfoPlist.strings */ = {
			isa = PBXVariantGroup;
			children = (
				0EF1162E18F8BFB3007A5040 /* en */,
			);
			name = InfoPlist.strings;
			sourceTree = "<group>";
		};
		0EF1163618F8BFB3007A5040 /* Main.storyboard */ = {
			isa = PBXVariantGroup;
			children = (
				0EF1163718F8BFB3007A5040 /* Base */,
			);
			name = Main.storyboard;
			sourceTree = "<group>";
		};
		0EF1164C18F8BFB3007A5040 /* InfoPlist.strings */ = {
			isa = PBXVariantGroup;
			children = (
				0EF1164D18F8BFB3007A5040 /* en */,
			);
			name = InfoPlist.strings;
			sourceTree = "<group>";
		};
/* End PBXVariantGroup section */

/* Begin XCBuildConfiguration section */
		0EF1165118F8BFB3007A5040 /* Debug */ = {
			isa = XCBuildConfiguration;
			buildSettings = {
				ALWAYS_SEARCH_USER_PATHS = NO;
				CLANG_CXX_LANGUAGE_STANDARD = "gnu++0x";
				CLANG_CXX_LIBRARY = "libc++";
				CLANG_ENABLE_MODULES = YES;
				CLANG_ENABLE_OBJC_ARC = YES;
				CLANG_WARN_BOOL_CONVERSION = YES;
				CLANG_WARN_CONSTANT_CONVERSION = YES;
				CLANG_WARN_DIRECT_OBJC_ISA_USAGE = YES_ERROR;
				CLANG_WARN_EMPTY_BODY = YES;
				CLANG_WARN_ENUM_CONVERSION = YES;
				CLANG_WARN_INT_CONVERSION = YES;
				CLANG_WARN_OBJC_ROOT_CLASS = YES_ERROR;
				CLANG_WARN__DUPLICATE_METHOD_MATCH = YES;
				"CODE_SIGN_IDENTITY[sdk=iphoneos*]" = "iPhone Developer";
				COPY_PHASE_STRIP = NO;
				GCC_C_LANGUAGE_STANDARD = gnu99;
				GCC_DYNAMIC_NO_PIC = NO;
				GCC_OPTIMIZATION_LEVEL = 0;
				GCC_PREPROCESSOR_DEFINITIONS = (
					"DEBUG=1",
					"$(inherited)",
				);
				GCC_SYMBOLS_PRIVATE_EXTERN = NO;
				GCC_WARN_64_TO_32_BIT_CONVERSION = YES;
				GCC_WARN_ABOUT_RETURN_TYPE = YES_ERROR;
				GCC_WARN_UNDECLARED_SELECTOR = YES;
				GCC_WARN_UNINITIALIZED_AUTOS = YES_AGGRESSIVE;
				GCC_WARN_UNUSED_FUNCTION = YES;
				GCC_WARN_UNUSED_VARIABLE = YES;
				IPHONEOS_DEPLOYMENT_TARGET = 7.1;
				ONLY_ACTIVE_ARCH = YES;
				SDKROOT = iphoneos;
			};
			name = Debug;
		};
		0EF1165218F8BFB3007A5040 /* Release */ = {
			isa = XCBuildConfiguration;
			buildSettings = {
				ALWAYS_SEARCH_USER_PATHS = NO;
				CLANG_CXX_LANGUAGE_STANDARD = "gnu++0x";
				CLANG_CXX_LIBRARY = "libc++";
				CLANG_ENABLE_MODULES = YES;
				CLANG_ENABLE_OBJC_ARC = YES;
				CLANG_WARN_BOOL_CONVERSION = YES;
				CLANG_WARN_CONSTANT_CONVERSION = YES;
				CLANG_WARN_DIRECT_OBJC_ISA_USAGE = YES_ERROR;
				CLANG_WARN_EMPTY_BODY = YES;
				CLANG_WARN_ENUM_CONVERSION = YES;
				CLANG_WARN_INT_CONVERSION = YES;
				CLANG_WARN_OBJC_ROOT_CLASS = YES_ERROR;
				CLANG_WARN__DUPLICATE_METHOD_MATCH = YES;
				"CODE_SIGN_IDENTITY[sdk=iphoneos*]" = "iPhone Developer";
				COPY_PHASE_STRIP = YES;
				ENABLE_NS_ASSERTIONS = NO;
				GCC_C_LANGUAGE_STANDARD = gnu99;
				GCC_WARN_64_TO_32_BIT_CONVERSION = YES;
				GCC_WARN_ABOUT_RETURN_TYPE = YES_ERROR;
				GCC_WARN_UNDECLARED_SELECTOR = YES;
				GCC_WARN_UNINITIALIZED_AUTOS = YES_AGGRESSIVE;
				GCC_WARN_UNUSED_FUNCTION = YES;
				GCC_WARN_UNUSED_VARIABLE = YES;
				IPHONEOS_DEPLOYMENT_TARGET = 7.1;
				SDKROOT = iphoneos;
				VALIDATE_PRODUCT = YES;
			};
			name = Release;
		};
		0EF1165418F8BFB3007A5040 /* Debug */ = {
			isa = XCBuildConfiguration;
			baseConfigurationReference = C86FB282EC154267A117B277 /* Pods.xcconfig */;
			buildSettings = {
				ASSETCATALOG_COMPILER_APPICON_NAME = "AppIcon-3";
				ASSETCATALOG_COMPILER_LAUNCHIMAGE_NAME = "LaunchImage-3";
				GCC_PRECOMPILE_PREFIX_HEADER = YES;
				GCC_PREFIX_HEADER = "Poojan Jhaveri/Poojan Jhaveri-Prefix.pch";
				INFOPLIST_FILE = "Poojan Jhaveri/Poojan Jhaveri-Info.plist";
				PRODUCT_NAME = "$(TARGET_NAME)";
				WRAPPER_EXTENSION = app;
			};
			name = Debug;
		};
		0EF1165518F8BFB3007A5040 /* Release */ = {
			isa = XCBuildConfiguration;
			baseConfigurationReference = C86FB282EC154267A117B277 /* Pods.xcconfig */;
			buildSettings = {
				ASSETCATALOG_COMPILER_APPICON_NAME = "AppIcon-3";
				ASSETCATALOG_COMPILER_LAUNCHIMAGE_NAME = "LaunchImage-3";
				GCC_PRECOMPILE_PREFIX_HEADER = YES;
				GCC_PREFIX_HEADER = "Poojan Jhaveri/Poojan Jhaveri-Prefix.pch";
				INFOPLIST_FILE = "Poojan Jhaveri/Poojan Jhaveri-Info.plist";
				PRODUCT_NAME = "$(TARGET_NAME)";
				WRAPPER_EXTENSION = app;
			};
			name = Release;
		};
		0EF1165718F8BFB3007A5040 /* Debug */ = {
			isa = XCBuildConfiguration;
			buildSettings = {
				BUNDLE_LOADER = "$(BUILT_PRODUCTS_DIR)/Poojan Jhaveri.app/Poojan Jhaveri";
				FRAMEWORK_SEARCH_PATHS = (
					"$(SDKROOT)/Developer/Library/Frameworks",
					"$(inherited)",
					"$(DEVELOPER_FRAMEWORKS_DIR)",
				);
				GCC_PRECOMPILE_PREFIX_HEADER = YES;
				GCC_PREFIX_HEADER = "Poojan Jhaveri/Poojan Jhaveri-Prefix.pch";
				GCC_PREPROCESSOR_DEFINITIONS = (
					"DEBUG=1",
					"$(inherited)",
				);
				INFOPLIST_FILE = "Poojan JhaveriTests/Poojan JhaveriTests-Info.plist";
				PRODUCT_NAME = "$(TARGET_NAME)";
				TEST_HOST = "$(BUNDLE_LOADER)";
				WRAPPER_EXTENSION = xctest;
			};
			name = Debug;
		};
		0EF1165818F8BFB3007A5040 /* Release */ = {
			isa = XCBuildConfiguration;
			buildSettings = {
				BUNDLE_LOADER = "$(BUILT_PRODUCTS_DIR)/Poojan Jhaveri.app/Poojan Jhaveri";
				FRAMEWORK_SEARCH_PATHS = (
					"$(SDKROOT)/Developer/Library/Frameworks",
					"$(inherited)",
					"$(DEVELOPER_FRAMEWORKS_DIR)",
				);
				GCC_PRECOMPILE_PREFIX_HEADER = YES;
				GCC_PREFIX_HEADER = "Poojan Jhaveri/Poojan Jhaveri-Prefix.pch";
				INFOPLIST_FILE = "Poojan JhaveriTests/Poojan JhaveriTests-Info.plist";
				PRODUCT_NAME = "$(TARGET_NAME)";
				TEST_HOST = "$(BUNDLE_LOADER)";
				WRAPPER_EXTENSION = xctest;
			};
			name = Release;
		};
/* End XCBuildConfiguration section */

/* Begin XCConfigurationList section */
		0EF1161C18F8BFB3007A5040 /* Build configuration list for PBXProject "Poojan Jhaveri" */ = {
			isa = XCConfigurationList;
			buildConfigurations = (
				0EF1165118F8BFB3007A5040 /* Debug */,
				0EF1165218F8BFB3007A5040 /* Release */,
			);
			defaultConfigurationIsVisible = 0;
			defaultConfigurationName = Release;
		};
		0EF1165318F8BFB3007A5040 /* Build configuration list for PBXNativeTarget "Poojan Jhaveri" */ = {
			isa = XCConfigurationList;
			buildConfigurations = (
				0EF1165418F8BFB3007A5040 /* Debug */,
				0EF1165518F8BFB3007A5040 /* Release */,
			);
			defaultConfigurationIsVisible = 0;
			defaultConfigurationName = Release;
		};
		0EF1165618F8BFB3007A5040 /* Build configuration list for PBXNativeTarget "Poojan JhaveriTests" */ = {
			isa = XCConfigurationList;
			buildConfigurations = (
				0EF1165718F8BFB3007A5040 /* Debug */,
				0EF1165818F8BFB3007A5040 /* Release */,
			);
			defaultConfigurationIsVisible = 0;
			defaultConfigurationName = Release;
		};
/* End XCConfigurationList section */
	};
	rootObject = 0EF1161918F8BFB3007A5040 /* Project object */;
}
